
Microsoft Visual Studio Solution File, Format Version 12.00
# Visual Studio Version 16
VisualStudioVersion = 16.0.29409.12
MinimumVisualStudioVersion = 10.0.40219.1
Project("{FAE04EC0-301F-11D3-BF4B-00C04F79EFBC}") = "MyGit_WebApplication1", "MyGit_WebApplication1\MyGit_WebApplication1.csproj", "{961554DF-65CF-498E-A32B-CC87ACFF5389}"
EndProject
Global
	GlobalSection(SolutionConfigurationPlatforms) = preSolution
		Debug|Any CPU = Debug|Any CPU
		Release|Any CPU = Release|Any CPU
	EndGlobalSection
	GlobalSection(ProjectConfigurationPlatforms) = postSolution
		{961554DF-65CF-498E-A32B-CC87ACFF5389}.Debug|Any CPU.ActiveCfg = Debug|Any CPU
		{961554DF-65CF-498E-A32B-CC87ACFF5389}.Debug|Any CPU.Build.0 = Debug|Any CPU
		{961554DF-65CF-498E-A32B-CC87ACFF5389}.Release|Any CPU.ActiveCfg = Release|Any CPU
		{961554DF-65CF-498E-A32B-CC87ACFF5389}.Release|Any CPU.Build.0 = Release|Any CPU
	EndGlobalSection
	GlobalSection(SolutionProperties) = preSolution
		HideSolutionNode = FALSE
	EndGlobalSection
	GlobalSection(ExtensibilityGlobals) = postSolution
		SolutionGuid = {34451FB1-E3FE-49B7-B0AA-3C937E0E853F}
	EndGlobalSection
EndGlobal
